
Microsoft Visual Studio Solution File, Format Version 12.00
# Visual Studio Version 16
VisualStudioVersion = 25.0.1706.7
MinimumVisualStudioVersion = 10.0.40219.1
Project("{FAE04EC0-301F-11D3-BF4B-00C04F79EFBC}") = "BubbleSort", "BubbleSort.csproj", "{70E3125F-CE97-492A-B87F-58AEE835E1A1}"
EndProject
Global
	GlobalSection(SolutionConfigurationPlatforms) = preSolution
		Debug|Any CPU = Debug|Any CPU
		Release|Any CPU = Release|Any CPU
	EndGlobalSection
	GlobalSection(ProjectConfigurationPlatforms) = postSolution
		{70E3125F-CE97-492A-B87F-58AEE835E1A1}.Debug|Any CPU.ActiveCfg = Debug|Any CPU
		{70E3125F-CE97-492A-B87F-58AEE835E1A1}.Debug|Any CPU.Build.0 = Debug|Any CPU
		{70E3125F-CE97-492A-B87F-58AEE835E1A1}.Release|Any CPU.ActiveCfg = Release|Any CPU
		{70E3125F-CE97-492A-B87F-58AEE835E1A1}.Release|Any CPU.Build.0 = Release|Any CPU
	EndGlobalSection
	GlobalSection(SolutionProperties) = preSolution
		HideSolutionNode = FALSE
	EndGlobalSection
	GlobalSection(ExtensibilityGlobals) = postSolution
		SolutionGuid = {06968F65-4864-4561-A1B7-9C1B96403DAC}
	EndGlobalSection
EndGlobal
