
Microsoft Visual Studio Solution File, Format Version 12.00
# Visual Studio Version 17
VisualStudioVersion = 17.3.32825.248
MinimumVisualStudioVersion = 10.0.40219.1
Project("{FAE04EC0-301F-11D3-BF4B-00C04F79EFBC}") = "Adjacency", "Adjacency.csproj", "{6F337A4A-F5C6-4140-8FBA-1789D92F862B}"
EndProject
Global
	GlobalSection(SolutionConfigurationPlatforms) = preSolution
		Debug|Any CPU = Debug|Any CPU
		Release|Any CPU = Release|Any CPU
	EndGlobalSection
	GlobalSection(ProjectConfigurationPlatforms) = postSolution
		{6F337A4A-F5C6-4140-8FBA-1789D92F862B}.Debug|Any CPU.ActiveCfg = Debug|Any CPU
		{6F337A4A-F5C6-4140-8FBA-1789D92F862B}.Debug|Any CPU.Build.0 = Debug|Any CPU
		{6F337A4A-F5C6-4140-8FBA-1789D92F862B}.Release|Any CPU.ActiveCfg = Release|Any CPU
		{6F337A4A-F5C6-4140-8FBA-1789D92F862B}.Release|Any CPU.Build.0 = Release|Any CPU
	EndGlobalSection
	GlobalSection(SolutionProperties) = preSolution
		HideSolutionNode = FALSE
	EndGlobalSection
	GlobalSection(ExtensibilityGlobals) = postSolution
		SolutionGuid = {750448C5-8F2F-4EED-8A4A-A97E052C77EE}
	EndGlobalSection
EndGlobal
