
Microsoft Visual Studio Solution File, Format Version 12.00
# Visual Studio Version 16
VisualStudioVersion = 25.0.1705.4
MinimumVisualStudioVersion = 10.0.40219.1
Project("{FAE04EC0-301F-11D3-BF4B-00C04F79EFBC}") = "DijkstraVersion3", "DijkstraVersion3\DijkstraVersion3.csproj", "{8F98DF06-6E30-4A66-8B90-DC3ED1B7CD8D}"
EndProject
Global
	GlobalSection(SolutionConfigurationPlatforms) = preSolution
		Debug|Any CPU = Debug|Any CPU
		Release|Any CPU = Release|Any CPU
	EndGlobalSection
	GlobalSection(ProjectConfigurationPlatforms) = postSolution
		{8F98DF06-6E30-4A66-8B90-DC3ED1B7CD8D}.Debug|Any CPU.ActiveCfg = Debug|Any CPU
		{8F98DF06-6E30-4A66-8B90-DC3ED1B7CD8D}.Debug|Any CPU.Build.0 = Debug|Any CPU
		{8F98DF06-6E30-4A66-8B90-DC3ED1B7CD8D}.Release|Any CPU.ActiveCfg = Release|Any CPU
		{8F98DF06-6E30-4A66-8B90-DC3ED1B7CD8D}.Release|Any CPU.Build.0 = Release|Any CPU
	EndGlobalSection
	GlobalSection(SolutionProperties) = preSolution
		HideSolutionNode = FALSE
	EndGlobalSection
	GlobalSection(ExtensibilityGlobals) = postSolution
		SolutionGuid = {175105FF-A866-46B2-BD8C-D89A39381272}
	EndGlobalSection
EndGlobal
