
Microsoft Visual Studio Solution File, Format Version 12.00
# Visual Studio Version 16
VisualStudioVersion = 25.0.1706.7
MinimumVisualStudioVersion = 10.0.40219.1
Project("{FAE04EC0-301F-11D3-BF4B-00C04F79EFBC}") = "Shapes", "Shapes.csproj", "{29A9097C-A472-417A-914D-17889413106D}"
EndProject
Global
	GlobalSection(SolutionConfigurationPlatforms) = preSolution
		Debug|Any CPU = Debug|Any CPU
		Release|Any CPU = Release|Any CPU
	EndGlobalSection
	GlobalSection(ProjectConfigurationPlatforms) = postSolution
		{29A9097C-A472-417A-914D-17889413106D}.Debug|Any CPU.ActiveCfg = Debug|Any CPU
		{29A9097C-A472-417A-914D-17889413106D}.Debug|Any CPU.Build.0 = Debug|Any CPU
		{29A9097C-A472-417A-914D-17889413106D}.Release|Any CPU.ActiveCfg = Release|Any CPU
		{29A9097C-A472-417A-914D-17889413106D}.Release|Any CPU.Build.0 = Release|Any CPU
	EndGlobalSection
	GlobalSection(SolutionProperties) = preSolution
		HideSolutionNode = FALSE
	EndGlobalSection
	GlobalSection(ExtensibilityGlobals) = postSolution
		SolutionGuid = {478581F8-E360-4205-8B86-0BB433F22A8F}
	EndGlobalSection
EndGlobal
